
Microsoft Visual Studio Solution File, Format Version 12.00
# Visual Studio Version 17
VisualStudioVersion = 17.0.31903.59
MinimumVisualStudioVersion = 10.0.40219.1
Project("{FAE04EC0-301F-11D3-BF4B-00C04F79EFBC}") = "DAL", "DAL\DAL.csproj", "{0484A5E3-3390-488E-B53C-6FBAAB1822E5}"
EndProject
Project("{FAE04EC0-301F-11D3-BF4B-00C04F79EFBC}") = "DatabaseTester", "DatabaseTester\DatabaseTester.csproj", "{2A4FEFA3-B588-4A6A-A6E3-DBFDCF959744}"
EndProject
Global
	GlobalSection(SolutionConfigurationPlatforms) = preSolution
		Debug|Any CPU = Debug|Any CPU
		Release|Any CPU = Release|Any CPU
	EndGlobalSection
	GlobalSection(SolutionProperties) = preSolution
		HideSolutionNode = FALSE
	EndGlobalSection
	GlobalSection(ProjectConfigurationPlatforms) = postSolution
		{0484A5E3-3390-488E-B53C-6FBAAB1822E5}.Debug|Any CPU.ActiveCfg = Debug|Any CPU
		{0484A5E3-3390-488E-B53C-6FBAAB1822E5}.Debug|Any CPU.Build.0 = Debug|Any CPU
		{0484A5E3-3390-488E-B53C-6FBAAB1822E5}.Release|Any CPU.ActiveCfg = Release|Any CPU
		{0484A5E3-3390-488E-B53C-6FBAAB1822E5}.Release|Any CPU.Build.0 = Release|Any CPU
		{2A4FEFA3-B588-4A6A-A6E3-DBFDCF959744}.Debug|Any CPU.ActiveCfg = Debug|Any CPU
		{2A4FEFA3-B588-4A6A-A6E3-DBFDCF959744}.Debug|Any CPU.Build.0 = Debug|Any CPU
		{2A4FEFA3-B588-4A6A-A6E3-DBFDCF959744}.Release|Any CPU.ActiveCfg = Release|Any CPU
		{2A4FEFA3-B588-4A6A-A6E3-DBFDCF959744}.Release|Any CPU.Build.0 = Release|Any CPU
	EndGlobalSection
EndGlobal
